
Microsoft Visual Studio Solution File, Format Version 12.00
# Visual Studio Version 17
VisualStudioVersion = 17.9.34622.214
MinimumVisualStudioVersion = 10.0.40219.1
Project("{FAE04EC0-301F-11D3-BF4B-00C04F79EFBC}") = "Game Framework", "Game Framework\Game Framework.csproj", "{12923F71-8E93-4751-A4CE-512B26BB2AF3}"
EndProject
Global
	GlobalSection(SolutionConfigurationPlatforms) = preSolution
		Debug|Any CPU = Debug|Any CPU
		Release|Any CPU = Release|Any CPU
	EndGlobalSection
	GlobalSection(ProjectConfigurationPlatforms) = postSolution
		{12923F71-8E93-4751-A4CE-512B26BB2AF3}.Debug|Any CPU.ActiveCfg = Debug|Any CPU
		{12923F71-8E93-4751-A4CE-512B26BB2AF3}.Debug|Any CPU.Build.0 = Debug|Any CPU
		{12923F71-8E93-4751-A4CE-512B26BB2AF3}.Release|Any CPU.ActiveCfg = Release|Any CPU
		{12923F71-8E93-4751-A4CE-512B26BB2AF3}.Release|Any CPU.Build.0 = Release|Any CPU
	EndGlobalSection
	GlobalSection(SolutionProperties) = preSolution
		HideSolutionNode = FALSE
	EndGlobalSection
	GlobalSection(ExtensibilityGlobals) = postSolution
		SolutionGuid = {8CCEF974-0E42-4A6F-94A2-1E68D8BCEFCB}
	EndGlobalSection
EndGlobal
